# This file is automatically @generated by Cargo.
# It is not intended for manual editing.
version = 4

[[package]]
name = "aho-corasick"
version = "1.1.4"
source = "registry+https://github.com/rust-lang/crates.io-index"
checksum = "ddd31a130427c27518df266943a5308ed92d4b226cc639f5a8f1002816174301"
dependencies = [
 "memchr",
]

[[package]]
name = "allocator-api2"
version = "0.2.21"
source = "registry+https://github.com/rust-lang/crates.io-index"
checksum = "683d7910e743518b0e34f1186f92494becacb047c7b6bf616c96772180fef923"

[[package]]
name = "autocfg"
version = "1.5.1"
source = "registry+https://github.com/rust-lang/crates.io-index"
checksum = "f2032f911046de80f0a198e0901378627c33f59ea0ac00e363d481118bd70a53"

[[package]]
name = "const-fnv1a-hash"
version = "1.1.0"
source = "registry+https://github.com/rust-lang/crates.io-index"
checksum = "32b13ea120a812beba79e34316b3942a857c86ec1593cb34f27bb28272ce2cca"

[[package]]
name = "equivalent"
version = "1.0.2"
source = "registry+https://github.com/rust-lang/crates.io-index"
checksum = "877a4ace8713b0bcf2a4e7eec82529c029f1d0619886d18145fea96c3ffe5c0f"

[[package]]
name = "facet"
version = "0.50.0-rc.5"
source = "git+https://github.com/facet-rs/facet?branch=snark-playground-rebased#afe3782f2eba540e8ce6db1adbaadaf14e40cf21"
dependencies = [
 "autocfg",
 "facet-core",
 "facet-macros",
]

[[package]]
name = "facet-core"
version = "0.50.0-rc.5"
source = "git+https://github.com/facet-rs/facet?branch=snark-playground-rebased#afe3782f2eba540e8ce6db1adbaadaf14e40cf21"
dependencies = [
 "autocfg",
 "const-fnv1a-hash",
 "iddqd",
 "impls",
 "indexmap",
]

[[package]]
name = "facet-dessert"
version = "0.50.0-rc.5"
source = "git+https://github.com/facet-rs/facet?branch=snark-playground-rebased#afe3782f2eba540e8ce6db1adbaadaf14e40cf21"
dependencies = [
 "facet-core",
 "facet-reflect",
]

[[package]]
name = "facet-format"
version = "0.50.0-rc.5"
source = "git+https://github.com/facet-rs/facet?branch=snark-playground-rebased#afe3782f2eba540e8ce6db1adbaadaf14e40cf21"
dependencies = [
 "facet-core",
 "facet-dessert",
 "facet-path",
 "facet-reflect",
 "facet-solver",
]

[[package]]
name = "facet-json"
version = "0.50.0-rc.5"
source = "git+https://github.com/facet-rs/facet?branch=snark-playground-rebased#afe3782f2eba540e8ce6db1adbaadaf14e40cf21"
dependencies = [
 "facet",
 "facet-core",
 "facet-format",
 "facet-reflect",
 "weavy",
]

[[package]]
name = "facet-macro-parse"
version = "0.50.0-rc.5"
source = "git+https://github.com/facet-rs/facet?branch=snark-playground-rebased#afe3782f2eba540e8ce6db1adbaadaf14e40cf21"
dependencies = [
 "facet-macro-types",
 "proc-macro2",
 "quote",
]

[[package]]
name = "facet-macro-types"
version = "0.50.0-rc.5"
source = "git+https://github.com/facet-rs/facet?branch=snark-playground-rebased#afe3782f2eba540e8ce6db1adbaadaf14e40cf21"
dependencies = [
 "proc-macro2",
 "quote",
 "unsynn",
]

[[package]]
name = "facet-macros"
version = "0.50.0-rc.5"
source = "git+https://github.com/facet-rs/facet?branch=snark-playground-rebased#afe3782f2eba540e8ce6db1adbaadaf14e40cf21"
dependencies = [
 "facet-macros-impl",
]

[[package]]
name = "facet-macros-impl"
version = "0.50.0-rc.5"
source = "git+https://github.com/facet-rs/facet?branch=snark-playground-rebased#afe3782f2eba540e8ce6db1adbaadaf14e40cf21"
dependencies = [
 "facet-macro-parse",
 "facet-macro-types",
 "proc-macro2",
 "quote",
 "strsim",
 "unsynn",
]

[[package]]
name = "facet-path"
version = "0.50.0-rc.5"
source = "git+https://github.com/facet-rs/facet?branch=snark-playground-rebased#afe3782f2eba540e8ce6db1adbaadaf14e40cf21"
dependencies = [
 "facet-core",
]

[[package]]
name = "facet-reflect"
version = "0.50.0-rc.5"
source = "git+https://github.com/facet-rs/facet?branch=snark-playground-rebased#afe3782f2eba540e8ce6db1adbaadaf14e40cf21"
dependencies = [
 "facet-core",
 "facet-path",
 "hashbrown 0.17.1",
 "smallvec 2.0.0-alpha.12",
]

[[package]]
name = "facet-solver"
version = "0.50.0-rc.5"
source = "git+https://github.com/facet-rs/facet?branch=snark-playground-rebased#afe3782f2eba540e8ce6db1adbaadaf14e40cf21"
dependencies = [
 "facet-core",
 "facet-reflect",
 "strsim",
]

[[package]]
name = "foldhash"
version = "0.2.0"
source = "registry+https://github.com/rust-lang/crates.io-index"
checksum = "77ce24cb58228fbb8aa041425bb1050850ac19177686ea6e0f41a70416f56fdb"

[[package]]
name = "hashbrown"
version = "0.16.1"
source = "registry+https://github.com/rust-lang/crates.io-index"
checksum = "841d1cc9bed7f9236f321df977030373f4a4163ae1a7dbfe1a51a2c1a51d9100"
dependencies = [
 "allocator-api2",
]

[[package]]
name = "hashbrown"
version = "0.17.1"
source = "registry+https://github.com/rust-lang/crates.io-index"
checksum = "ed5909b6e89a2db4456e54cd5f673791d7eca6732202bbf2a9cc504fe2f9b84a"
dependencies = [
 "allocator-api2",
 "equivalent",
 "foldhash",
]

[[package]]
name = "iddqd"
version = "0.4.5"
source = "registry+https://github.com/rust-lang/crates.io-index"
checksum = "d7cf7e72dd082126bd727c1f8bd2d5229c2780258c0b3c7bc33eaf0f4ea5f0fa"
dependencies = [
 "allocator-api2",
 "equivalent",
 "foldhash",
 "hashbrown 0.16.1",
]

[[package]]
name = "impls"
version = "1.0.3"
source = "registry+https://github.com/rust-lang/crates.io-index"
checksum = "7a46645bbd70538861a90d0f26c31537cdf1e44aae99a794fb75a664b70951bc"

[[package]]
name = "indexmap"
version = "2.14.0"
source = "registry+https://github.com/rust-lang/crates.io-index"
checksum = "d466e9454f08e4a911e14806c24e16fba1b4c121d1ea474396f396069cf949d9"
dependencies = [
 "equivalent",
 "hashbrown 0.17.1",
]

[[package]]
name = "memchr"
version = "2.8.2"
source = "registry+https://github.com/rust-lang/crates.io-index"
checksum = "88904434abc2901f197fe8cc55f0445e7ded921dba5911dad2e2b39b48e663c4"

[[package]]
name = "mutants"
version = "0.0.3"
source = "registry+https://github.com/rust-lang/crates.io-index"
checksum = "bc0287524726960e07b119cebd01678f852f147742ae0d925e6a520dca956126"

[[package]]
name = "proc-macro2"
version = "1.0.106"
source = "registry+https://github.com/rust-lang/crates.io-index"
checksum = "8fd00f0bb2e90d81d1044c2b32617f68fcb9fa3bb7640c23e9c748e53fb30934"
dependencies = [
 "unicode-ident",
]

[[package]]
name = "quote"
version = "1.0.46"
source = "registry+https://github.com/rust-lang/crates.io-index"
checksum = "dfbc457d0c7a0759a614551b11a6409e5951f6c7537be1f1b7682b9ae9230368"
dependencies = [
 "proc-macro2",
]

[[package]]
name = "regex"
version = "1.12.4"
source = "registry+https://github.com/rust-lang/crates.io-index"
checksum = "f1292b7759ae1cb9ec195452d1390a074f0cd8541ab7a5a8c31cd6db45d4a6ba"
dependencies = [
 "aho-corasick",
 "memchr",
 "regex-automata",
 "regex-syntax",
]

[[package]]
name = "regex-automata"
version = "0.4.14"
source = "registry+https://github.com/rust-lang/crates.io-index"
checksum = "6e1dd4122fc1595e8162618945476892eefca7b88c52820e74af6262213cae8f"
dependencies = [
 "aho-corasick",
 "memchr",
 "regex-syntax",
]

[[package]]
name = "regex-syntax"
version = "0.8.11"
source = "registry+https://github.com/rust-lang/crates.io-index"
checksum = "d6f6ff9a378485b298a5286656da665ba74413d36db0979633275d2e708145d4"

[[package]]
name = "rustc-hash"
version = "2.1.3"
source = "registry+https://github.com/rust-lang/crates.io-index"
checksum = "6b1e7f9a428571be2dc5bc0505c13fb6bf936822b894ec87abf8a08a4e51742d"

[[package]]
name = "smallvec"
version = "1.15.2"
source = "registry+https://github.com/rust-lang/crates.io-index"
checksum = "8ed6a63f02c8539c91a8685a86f4099661ba3da017932f6ebbea6de3f0fa7c90"

[[package]]
name = "smallvec"
version = "2.0.0-alpha.12"
source = "registry+https://github.com/rust-lang/crates.io-index"
checksum = "ef784004ca8777809dcdad6ac37629f0a97caee4c685fcea805278d81dd8b857"

[[package]]
name = "snark"
version = "0.0.1"
source = "git+https://github.com/facet-rs/facet?branch=snark-playground-rebased#afe3782f2eba540e8ce6db1adbaadaf14e40cf21"
dependencies = [
 "aho-corasick",
 "facet",
 "facet-json",
 "indexmap",
 "regex",
 "regex-automata",
 "smallvec 1.15.2",
 "weavy",
]

[[package]]
name = "spike-snark"
version = "0.0.0"
dependencies = [
 "snark",
]

[[package]]
name = "spike-weavy"
version = "0.0.0"
dependencies = [
 "weavy",
]

[[package]]
name = "strsim"
version = "0.11.1"
source = "registry+https://github.com/rust-lang/crates.io-index"
checksum = "7da8b5736845d9f2fcb837ea5d9e2628564b3b043a70948a3f0b778838c5fb4f"

[[package]]
name = "unicode-ident"
version = "1.0.24"
source = "registry+https://github.com/rust-lang/crates.io-index"
checksum = "e6e4313cd5fcd3dad5cafa179702e2b244f760991f45397d14d4ebf38247da75"

[[package]]
name = "unsynn"
version = "0.3.0"
source = "registry+https://github.com/rust-lang/crates.io-index"
checksum = "501a7adf1a4bd9951501e5c66621e972ef8874d787628b7f90e64f936ef7ec0a"
dependencies = [
 "mutants",
 "proc-macro2",
 "rustc-hash",
]

[[package]]
name = "weavy"
version = "0.2.2"
source = "git+https://github.com/facet-rs/facet?branch=snark-playground-rebased#afe3782f2eba540e8ce6db1adbaadaf14e40cf21"
